
Microsoft Visual Studio Solution File, Format Version 12.00
# Visual Studio Version 17
VisualStudioVersion = 17.9.34616.47
MinimumVisualStudioVersion = 10.0.40219.1
Project("{FAE04EC0-301F-11D3-BF4B-00C04F79EFBC}") = "MakeupFinalProject", "MakeupFinalProject\MakeupFinalProject.csproj", "{345652D1-3D06-412F-9BBE-EC8CDAAB284B}"
EndProject
Global
	GlobalSection(SolutionConfigurationPlatforms) = preSolution
		Debug|Any CPU = Debug|Any CPU
		Release|Any CPU = Release|Any CPU
	EndGlobalSection
	GlobalSection(ProjectConfigurationPlatforms) = postSolution
		{345652D1-3D06-412F-9BBE-EC8CDAAB284B}.Debug|Any CPU.ActiveCfg = Debug|Any CPU
		{345652D1-3D06-412F-9BBE-EC8CDAAB284B}.Debug|Any CPU.Build.0 = Debug|Any CPU
		{345652D1-3D06-412F-9BBE-EC8CDAAB284B}.Release|Any CPU.ActiveCfg = Release|Any CPU
		{345652D1-3D06-412F-9BBE-EC8CDAAB284B}.Release|Any CPU.Build.0 = Release|Any CPU
	EndGlobalSection
	GlobalSection(SolutionProperties) = preSolution
		HideSolutionNode = FALSE
	EndGlobalSection
	GlobalSection(ExtensibilityGlobals) = postSolution
		SolutionGuid = {EA3C5FC5-F919-4D99-B08A-925E948EF4C0}
	EndGlobalSection
EndGlobal
